
Microsoft Visual Studio Solution File, Format Version 12.00
# Visual Studio Version 17
VisualStudioVersion = 17.7.34202.233
MinimumVisualStudioVersion = 10.0.40219.1
Project("{FAE04EC0-301F-11D3-BF4B-00C04F79EFBC}") = "bai3(Hang số)", "bai3\bai3(Hang số).csproj", "{33B2489D-A7E8-4763-81C4-F479683D424D}"
EndProject
Project("{FAE04EC0-301F-11D3-BF4B-00C04F79EFBC}") = "bai3_2(các phép toán C#)", "bai3_2\bai3_2(các phép toán C#).csproj", "{4ECEB0D5-FC50-43CC-AF6B-AF3D920B07F2}"
EndProject
Project("{FAE04EC0-301F-11D3-BF4B-00C04F79EFBC}") = "bai3(bài tập)", "bai3(bài tập)\bai3(bài tập).csproj", "{533CF725-B79F-49C8-997F-C1625D9066FC}"
EndProject
Global
	GlobalSection(SolutionConfigurationPlatforms) = preSolution
		Debug|Any CPU = Debug|Any CPU
		Release|Any CPU = Release|Any CPU
	EndGlobalSection
	GlobalSection(ProjectConfigurationPlatforms) = postSolution
		{33B2489D-A7E8-4763-81C4-F479683D424D}.Debug|Any CPU.ActiveCfg = Debug|Any CPU
		{33B2489D-A7E8-4763-81C4-F479683D424D}.Debug|Any CPU.Build.0 = Debug|Any CPU
		{33B2489D-A7E8-4763-81C4-F479683D424D}.Release|Any CPU.ActiveCfg = Release|Any CPU
		{33B2489D-A7E8-4763-81C4-F479683D424D}.Release|Any CPU.Build.0 = Release|Any CPU
		{4ECEB0D5-FC50-43CC-AF6B-AF3D920B07F2}.Debug|Any CPU.ActiveCfg = Debug|Any CPU
		{4ECEB0D5-FC50-43CC-AF6B-AF3D920B07F2}.Debug|Any CPU.Build.0 = Debug|Any CPU
		{4ECEB0D5-FC50-43CC-AF6B-AF3D920B07F2}.Release|Any CPU.ActiveCfg = Release|Any CPU
		{4ECEB0D5-FC50-43CC-AF6B-AF3D920B07F2}.Release|Any CPU.Build.0 = Release|Any CPU
		{533CF725-B79F-49C8-997F-C1625D9066FC}.Debug|Any CPU.ActiveCfg = Debug|Any CPU
		{533CF725-B79F-49C8-997F-C1625D9066FC}.Debug|Any CPU.Build.0 = Debug|Any CPU
		{533CF725-B79F-49C8-997F-C1625D9066FC}.Release|Any CPU.ActiveCfg = Release|Any CPU
		{533CF725-B79F-49C8-997F-C1625D9066FC}.Release|Any CPU.Build.0 = Release|Any CPU
	EndGlobalSection
	GlobalSection(SolutionProperties) = preSolution
		HideSolutionNode = FALSE
	EndGlobalSection
	GlobalSection(ExtensibilityGlobals) = postSolution
		SolutionGuid = {EA43F0F9-35C5-4F5B-BE0C-EF5C5B5C8494}
	EndGlobalSection
EndGlobal
