
Microsoft Visual Studio Solution File, Format Version 12.00
# Visual Studio Version 17
VisualStudioVersion = 17.7.34202.233
MinimumVisualStudioVersion = 10.0.40219.1
Project("{FAE04EC0-301F-11D3-BF4B-00C04F79EFBC}") = "Bai8(toan tu 3 ngoi)", "Bai8(toan tu 3 ngoi)\Bai8(toan tu 3 ngoi).csproj", "{5F72671B-1539-40B7-BBB4-37C18EAECADB}"
EndProject
Global
	GlobalSection(SolutionConfigurationPlatforms) = preSolution
		Debug|Any CPU = Debug|Any CPU
		Release|Any CPU = Release|Any CPU
	EndGlobalSection
	GlobalSection(ProjectConfigurationPlatforms) = postSolution
		{5F72671B-1539-40B7-BBB4-37C18EAECADB}.Debug|Any CPU.ActiveCfg = Debug|Any CPU
		{5F72671B-1539-40B7-BBB4-37C18EAECADB}.Debug|Any CPU.Build.0 = Debug|Any CPU
		{5F72671B-1539-40B7-BBB4-37C18EAECADB}.Release|Any CPU.ActiveCfg = Release|Any CPU
		{5F72671B-1539-40B7-BBB4-37C18EAECADB}.Release|Any CPU.Build.0 = Release|Any CPU
	EndGlobalSection
	GlobalSection(SolutionProperties) = preSolution
		HideSolutionNode = FALSE
	EndGlobalSection
	GlobalSection(ExtensibilityGlobals) = postSolution
		SolutionGuid = {87AACA9F-C3D1-4C15-AB4A-614760D186EB}
	EndGlobalSection
EndGlobal
