
Microsoft Visual Studio Solution File, Format Version 12.00
# Visual Studio Version 17
VisualStudioVersion = 17.7.34202.233
MinimumVisualStudioVersion = 10.0.40219.1
Project("{FAE04EC0-301F-11D3-BF4B-00C04F79EFBC}") = "Bai11(For)", "Bai11(For)\Bai11(For).csproj", "{89B4638E-4EA8-4932-A193-5BFD04D24588}"
EndProject
Project("{FAE04EC0-301F-11D3-BF4B-00C04F79EFBC}") = "Bai11(For each)", "Bai11(For each)\Bai11(For each).csproj", "{4F54A7C2-9449-4B2C-B6E1-1BC18F725F82}"
EndProject
Global
	GlobalSection(SolutionConfigurationPlatforms) = preSolution
		Debug|Any CPU = Debug|Any CPU
		Release|Any CPU = Release|Any CPU
	EndGlobalSection
	GlobalSection(ProjectConfigurationPlatforms) = postSolution
		{89B4638E-4EA8-4932-A193-5BFD04D24588}.Debug|Any CPU.ActiveCfg = Debug|Any CPU
		{89B4638E-4EA8-4932-A193-5BFD04D24588}.Debug|Any CPU.Build.0 = Debug|Any CPU
		{89B4638E-4EA8-4932-A193-5BFD04D24588}.Release|Any CPU.ActiveCfg = Release|Any CPU
		{89B4638E-4EA8-4932-A193-5BFD04D24588}.Release|Any CPU.Build.0 = Release|Any CPU
		{4F54A7C2-9449-4B2C-B6E1-1BC18F725F82}.Debug|Any CPU.ActiveCfg = Debug|Any CPU
		{4F54A7C2-9449-4B2C-B6E1-1BC18F725F82}.Debug|Any CPU.Build.0 = Debug|Any CPU
		{4F54A7C2-9449-4B2C-B6E1-1BC18F725F82}.Release|Any CPU.ActiveCfg = Release|Any CPU
		{4F54A7C2-9449-4B2C-B6E1-1BC18F725F82}.Release|Any CPU.Build.0 = Release|Any CPU
	EndGlobalSection
	GlobalSection(SolutionProperties) = preSolution
		HideSolutionNode = FALSE
	EndGlobalSection
	GlobalSection(ExtensibilityGlobals) = postSolution
		SolutionGuid = {3B5107A9-4873-4430-A0B8-B4AF574F1E5E}
	EndGlobalSection
EndGlobal
