
Microsoft Visual Studio Solution File, Format Version 12.00
# Visual Studio Version 17
VisualStudioVersion = 17.7.34202.233
MinimumVisualStudioVersion = 10.0.40219.1
Project("{FAE04EC0-301F-11D3-BF4B-00C04F79EFBC}") = "Bai10(while-do while-while true)", "Bai10(while-do while-while true)\Bai10(while-do while-while true).csproj", "{46C44EE8-39F9-40A9-9BB9-25B4EEFD5BE9}"
EndProject
Project("{FAE04EC0-301F-11D3-BF4B-00C04F79EFBC}") = "bai10(do-while)", "..\bai10(do-while)\bai10(do-while).csproj", "{57C8AAD8-52BA-43BA-96F6-4DDCAD0AB1A1}"
EndProject
Global
	GlobalSection(SolutionConfigurationPlatforms) = preSolution
		Debug|Any CPU = Debug|Any CPU
		Release|Any CPU = Release|Any CPU
	EndGlobalSection
	GlobalSection(ProjectConfigurationPlatforms) = postSolution
		{46C44EE8-39F9-40A9-9BB9-25B4EEFD5BE9}.Debug|Any CPU.ActiveCfg = Debug|Any CPU
		{46C44EE8-39F9-40A9-9BB9-25B4EEFD5BE9}.Debug|Any CPU.Build.0 = Debug|Any CPU
		{46C44EE8-39F9-40A9-9BB9-25B4EEFD5BE9}.Release|Any CPU.ActiveCfg = Release|Any CPU
		{46C44EE8-39F9-40A9-9BB9-25B4EEFD5BE9}.Release|Any CPU.Build.0 = Release|Any CPU
		{57C8AAD8-52BA-43BA-96F6-4DDCAD0AB1A1}.Debug|Any CPU.ActiveCfg = Debug|Any CPU
		{57C8AAD8-52BA-43BA-96F6-4DDCAD0AB1A1}.Debug|Any CPU.Build.0 = Debug|Any CPU
		{57C8AAD8-52BA-43BA-96F6-4DDCAD0AB1A1}.Release|Any CPU.ActiveCfg = Release|Any CPU
		{57C8AAD8-52BA-43BA-96F6-4DDCAD0AB1A1}.Release|Any CPU.Build.0 = Release|Any CPU
	EndGlobalSection
	GlobalSection(SolutionProperties) = preSolution
		HideSolutionNode = FALSE
	EndGlobalSection
	GlobalSection(ExtensibilityGlobals) = postSolution
		SolutionGuid = {00A79EC6-89B1-4964-84F3-DDD3D6411B39}
	EndGlobalSection
EndGlobal
